// !$*UTF8*$!
{
	archiveVersion = 1;
	classes = {
	};
	objectVersion = 56;
	objects = {

/* Begin PBXBuildFile section */
		AC06C3482B58A7F400B1F395 /* AttachedFile.swift in Sources */ = {isa = PBXBuildFile; fileRef = AC06C3472B58A7F400B1F395 /* AttachedFile.swift */; };
		AC06C34A2B58B07600B1F395 /* AttachedFileView.swift in Sources */ = {isa = PBXBuildFile; fileRef = AC06C3492B58B07600B1F395 /* AttachedFileView.swift */; };
		AC3B916E2B5835AD005BACD0 /* MusicKey.swift in Sources */ = {isa = PBXBuildFile; fileRef = AC3B916D2B5835AD005BACD0 /* MusicKey.swift */; };
		AC3B91702B58376C005BACD0 /* PDFView.swift in Sources */ = {isa = PBXBuildFile; fileRef = AC3B916F2B58376C005BACD0 /* PDFView.swift */; };
		AC45A0F92B597E020013EFAB /* DocDirectory.swift in Sources */ = {isa = PBXBuildFile; fileRef = AC45A0F82B597E020013EFAB /* DocDirectory.swift */; };
		AC45A0FD2B59925F0013EFAB /* RecordPlayerView.swift in Sources */ = {isa = PBXBuildFile; fileRef = AC45A0FC2B59925F0013EFAB /* RecordPlayerView.swift */; };
		AC5D905A2B49AD7A00FA3117 /* MiniAudioPlayer.swift in Sources */ = {isa = PBXBuildFile; fileRef = AC5D90592B49AD7A00FA3117 /* MiniAudioPlayer.swift */; };
		AC6421FE2B52657200DBE891 /* MusicGenre.swift in Sources */ = {isa = PBXBuildFile; fileRef = AC6421FD2B52657200DBE891 /* MusicGenre.swift */; };
		ACC1407A2CC6AD8600213CC4 /* AudioManager.swift in Sources */ = {isa = PBXBuildFile; fileRef = ACC140792CC6AD8600213CC4 /* AudioManager.swift */; };
		ACC1407C2CC6AE4200213CC4 /* MiniPlayerView.swift in Sources */ = {isa = PBXBuildFile; fileRef = ACC1407B2CC6AE4200213CC4 /* MiniPlayerView.swift */; };
		ACC1407E2CC6B15200213CC4 /* AlbumImage.swift in Sources */ = {isa = PBXBuildFile; fileRef = ACC1407D2CC6B15200213CC4 /* AlbumImage.swift */; };
		ACC140802CC6D90200213CC4 /* MarqueeText.swift in Sources */ = {isa = PBXBuildFile; fileRef = ACC1407F2CC6D90200213CC4 /* MarqueeText.swift */; };
		ACC140822CC77B0900213CC4 /* LargeAudioPlayer.swift in Sources */ = {isa = PBXBuildFile; fileRef = ACC140812CC77B0900213CC4 /* LargeAudioPlayer.swift */; };
		ACC140842CC7854900213CC4 /* AudioSlider.swift in Sources */ = {isa = PBXBuildFile; fileRef = ACC140832CC7854900213CC4 /* AudioSlider.swift */; };
		ACF75A992B45E0300071633B /* RecordMachineApp.swift in Sources */ = {isa = PBXBuildFile; fileRef = ACF75A982B45E0300071633B /* RecordMachineApp.swift */; };
		ACF75A9B2B45E0300071633B /* ContentView.swift in Sources */ = {isa = PBXBuildFile; fileRef = ACF75A9A2B45E0300071633B /* ContentView.swift */; };
		ACF75A9D2B45E0320071633B /* Assets.xcassets in Resources */ = {isa = PBXBuildFile; fileRef = ACF75A9C2B45E0320071633B /* Assets.xcassets */; };
		ACF75AA12B45E0320071633B /* Preview Assets.xcassets in Resources */ = {isa = PBXBuildFile; fileRef = ACF75AA02B45E0320071633B /* Preview Assets.xcassets */; };
		ACF75AAA2B45E0560071633B /* Album.swift in Sources */ = {isa = PBXBuildFile; fileRef = ACF75AA92B45E0560071633B /* Album.swift */; };
		ACF75AAC2B45E0A30071633B /* Track.swift in Sources */ = {isa = PBXBuildFile; fileRef = ACF75AAB2B45E0A30071633B /* Track.swift */; };
		ACF75AAE2B45EBFB0071633B /* AlbumEditorView.swift in Sources */ = {isa = PBXBuildFile; fileRef = ACF75AAD2B45EBFB0071633B /* AlbumEditorView.swift */; };
		ACF75AB02B4671160071633B /* TrackEditorView.swift in Sources */ = {isa = PBXBuildFile; fileRef = ACF75AAF2B4671160071633B /* TrackEditorView.swift */; };
		ACF75AB22B46809D0071633B /* Theme.swift in Sources */ = {isa = PBXBuildFile; fileRef = ACF75AB12B46809D0071633B /* Theme.swift */; };
/* End PBXBuildFile section */

/* Begin PBXFileReference section */
		AC06C3472B58A7F400B1F395 /* AttachedFile.swift */ = {isa = PBXFileReference; lastKnownFileType = sourcecode.swift; path = AttachedFile.swift; sourceTree = "<group>"; };
		AC06C3492B58B07600B1F395 /* AttachedFileView.swift */ = {isa = PBXFileReference; lastKnownFileType = sourcecode.swift; path = AttachedFileView.swift; sourceTree = "<group>"; };
		AC3B916D2B5835AD005BACD0 /* MusicKey.swift */ = {isa = PBXFileReference; lastKnownFileType = sourcecode.swift; path = MusicKey.swift; sourceTree = "<group>"; };
		AC3B916F2B58376C005BACD0 /* PDFView.swift */ = {isa = PBXFileReference; lastKnownFileType = sourcecode.swift; path = PDFView.swift; sourceTree = "<group>"; };
		AC45A0F82B597E020013EFAB /* DocDirectory.swift */ = {isa = PBXFileReference; lastKnownFileType = sourcecode.swift; path = DocDirectory.swift; sourceTree = "<group>"; };
		AC45A0FC2B59925F0013EFAB /* RecordPlayerView.swift */ = {isa = PBXFileReference; lastKnownFileType = sourcecode.swift; path = RecordPlayerView.swift; sourceTree = "<group>"; };
		AC5D90592B49AD7A00FA3117 /* MiniAudioPlayer.swift */ = {isa = PBXFileReference; lastKnownFileType = sourcecode.swift; path = MiniAudioPlayer.swift; sourceTree = "<group>"; };
		AC6421FD2B52657200DBE891 /* MusicGenre.swift */ = {isa = PBXFileReference; lastKnownFileType = sourcecode.swift; path = MusicGenre.swift; sourceTree = "<group>"; };
		ACC140792CC6AD8600213CC4 /* AudioManager.swift */ = {isa = PBXFileReference; lastKnownFileType = sourcecode.swift; path = AudioManager.swift; sourceTree = "<group>"; };
		ACC1407B2CC6AE4200213CC4 /* MiniPlayerView.swift */ = {isa = PBXFileReference; lastKnownFileType = sourcecode.swift; path = MiniPlayerView.swift; sourceTree = "<group>"; };
		ACC1407D2CC6B15200213CC4 /* AlbumImage.swift */ = {isa = PBXFileReference; lastKnownFileType = sourcecode.swift; path = AlbumImage.swift; sourceTree = "<group>"; };
		ACC1407F2CC6D90200213CC4 /* MarqueeText.swift */ = {isa = PBXFileReference; lastKnownFileType = sourcecode.swift; path = MarqueeText.swift; sourceTree = "<group>"; };
		ACC140812CC77B0900213CC4 /* LargeAudioPlayer.swift */ = {isa = PBXFileReference; lastKnownFileType = sourcecode.swift; path = LargeAudioPlayer.swift; sourceTree = "<group>"; };
		ACC140832CC7854900213CC4 /* AudioSlider.swift */ = {isa = PBXFileReference; lastKnownFileType = sourcecode.swift; path = AudioSlider.swift; sourceTree = "<group>"; };
		ACF75A952B45E0300071633B /* RecordMachine.app */ = {isa = PBXFileReference; explicitFileType = wrapper.application; includeInIndex = 0; path = RecordMachine.app; sourceTree = BUILT_PRODUCTS_DIR; };
		ACF75A982B45E0300071633B /* RecordMachineApp.swift */ = {isa = PBXFileReference; lastKnownFileType = sourcecode.swift; path = RecordMachineApp.swift; sourceTree = "<group>"; };
		ACF75A9A2B45E0300071633B /* ContentView.swift */ = {isa = PBXFileReference; lastKnownFileType = sourcecode.swift; path = ContentView.swift; sourceTree = "<group>"; };
		ACF75A9C2B45E0320071633B /* Assets.xcassets */ = {isa = PBXFileReference; lastKnownFileType = folder.assetcatalog; path = Assets.xcassets; sourceTree = "<group>"; };
		ACF75A9E2B45E0320071633B /* RecordMachine.entitlements */ = {isa = PBXFileReference; lastKnownFileType = text.plist.entitlements; path = RecordMachine.entitlements; sourceTree = "<group>"; };
		ACF75AA02B45E0320071633B /* Preview Assets.xcassets */ = {isa = PBXFileReference; lastKnownFileType = folder.assetcatalog; path = "Preview Assets.xcassets"; sourceTree = "<group>"; };
		ACF75AA92B45E0560071633B /* Album.swift */ = {isa = PBXFileReference; lastKnownFileType = sourcecode.swift; path = Album.swift; sourceTree = "<group>"; };
		ACF75AAB2B45E0A30071633B /* Track.swift */ = {isa = PBXFileReference; lastKnownFileType = sourcecode.swift; path = Track.swift; sourceTree = "<group>"; };
		ACF75AAD2B45EBFB0071633B /* AlbumEditorView.swift */ = {isa = PBXFileReference; lastKnownFileType = sourcecode.swift; path = AlbumEditorView.swift; sourceTree = "<group>"; };
		ACF75AAF2B4671160071633B /* TrackEditorView.swift */ = {isa = PBXFileReference; lastKnownFileType = sourcecode.swift; path = TrackEditorView.swift; sourceTree = "<group>"; };
		ACF75AB12B46809D0071633B /* Theme.swift */ = {isa = PBXFileReference; lastKnownFileType = sourcecode.swift; path = Theme.swift; sourceTree = "<group>"; };
		ACFEABFB2B85823900EA0FEF /* Info.plist */ = {isa = PBXFileReference; lastKnownFileType = text.plist; path = Info.plist; sourceTree = "<group>"; };
/* End PBXFileReference section */

/* Begin PBXFrameworksBuildPhase section */
		ACF75A922B45E0300071633B /* Frameworks */ = {
			isa = PBXFrameworksBuildPhase;
			buildActionMask = 2147483647;
			files = (
			);
			runOnlyForDeploymentPostprocessing = 0;
		};
/* End PBXFrameworksBuildPhase section */

/* Begin PBXGroup section */
		ACF75A8C2B45E0300071633B = {
			isa = PBXGroup;
			children = (
				ACF75A972B45E0300071633B /* RecordMachine */,
				ACF75A962B45E0300071633B /* Products */,
			);
			sourceTree = "<group>";
		};
		ACF75A962B45E0300071633B /* Products */ = {
			isa = PBXGroup;
			children = (
				ACF75A952B45E0300071633B /* RecordMachine.app */,
			);
			name = Products;
			sourceTree = "<group>";
		};
		ACF75A972B45E0300071633B /* RecordMachine */ = {
			isa = PBXGroup;
			children = (
				ACFEABFB2B85823900EA0FEF /* Info.plist */,
				ACF75AA82B45E0460071633B /* presentation */,
				ACF75AA72B45E0410071633B /* data */,
				ACF75A982B45E0300071633B /* RecordMachineApp.swift */,
				ACF75A9C2B45E0320071633B /* Assets.xcassets */,
				ACF75A9E2B45E0320071633B /* RecordMachine.entitlements */,
				ACF75A9F2B45E0320071633B /* Preview Content */,
			);
			path = RecordMachine;
			sourceTree = "<group>";
		};
		ACF75A9F2B45E0320071633B /* Preview Content */ = {
			isa = PBXGroup;
			children = (
				ACF75AA02B45E0320071633B /* Preview Assets.xcassets */,
			);
			path = "Preview Content";
			sourceTree = "<group>";
		};
		ACF75AA72B45E0410071633B /* data */ = {
			isa = PBXGroup;
			children = (
				ACF75AA92B45E0560071633B /* Album.swift */,
				ACF75AAB2B45E0A30071633B /* Track.swift */,
				AC6421FD2B52657200DBE891 /* MusicGenre.swift */,
				AC3B916D2B5835AD005BACD0 /* MusicKey.swift */,
				AC06C3472B58A7F400B1F395 /* AttachedFile.swift */,
				AC45A0F82B597E020013EFAB /* DocDirectory.swift */,
				ACC140792CC6AD8600213CC4 /* AudioManager.swift */,
			);
			path = data;
			sourceTree = "<group>";
		};
		ACF75AA82B45E0460071633B /* presentation */ = {
			isa = PBXGroup;
			children = (
				ACF75A9A2B45E0300071633B /* ContentView.swift */,
				ACF75AAD2B45EBFB0071633B /* AlbumEditorView.swift */,
				ACF75AAF2B4671160071633B /* TrackEditorView.swift */,
				ACF75AB12B46809D0071633B /* Theme.swift */,
				AC5D90592B49AD7A00FA3117 /* MiniAudioPlayer.swift */,
				AC3B916F2B58376C005BACD0 /* PDFView.swift */,
				AC06C3492B58B07600B1F395 /* AttachedFileView.swift */,
				AC45A0FC2B59925F0013EFAB /* RecordPlayerView.swift */,
				ACC1407B2CC6AE4200213CC4 /* MiniPlayerView.swift */,
				ACC1407D2CC6B15200213CC4 /* AlbumImage.swift */,
				ACC1407F2CC6D90200213CC4 /* MarqueeText.swift */,
				ACC140812CC77B0900213CC4 /* LargeAudioPlayer.swift */,
				ACC140832CC7854900213CC4 /* AudioSlider.swift */,
			);
			path = presentation;
			sourceTree = "<group>";
		};
/* End PBXGroup section */

/* Begin PBXNativeTarget section */
		ACF75A942B45E0300071633B /* RecordMachine */ = {
			isa = PBXNativeTarget;
			buildConfigurationList = ACF75AA42B45E0320071633B /* Build configuration list for PBXNativeTarget "RecordMachine" */;
			buildPhases = (
				ACF75A912B45E0300071633B /* Sources */,
				ACF75A922B45E0300071633B /* Frameworks */,
				ACF75A932B45E0300071633B /* Resources */,
			);
			buildRules = (
			);
			dependencies = (
			);
			name = RecordMachine;
			packageProductDependencies = (
			);
			productName = RecordMachine;
			productReference = ACF75A952B45E0300071633B /* RecordMachine.app */;
			productType = "com.apple.product-type.application";
		};
/* End PBXNativeTarget section */

/* Begin PBXProject section */
		ACF75A8D2B45E0300071633B /* Project object */ = {
			isa = PBXProject;
			attributes = {
				BuildIndependentTargetsInParallel = 1;
				LastSwiftUpdateCheck = 1500;
				LastUpgradeCheck = 1600;
				TargetAttributes = {
					ACF75A942B45E0300071633B = {
						CreatedOnToolsVersion = 15.0.1;
					};
				};
			};
			buildConfigurationList = ACF75A902B45E0300071633B /* Build configuration list for PBXProject "RecordMachine" */;
			compatibilityVersion = "Xcode 14.0";
			developmentRegion = en;
			hasScannedForEncodings = 0;
			knownRegions = (
				en,
				Base,
			);
			mainGroup = ACF75A8C2B45E0300071633B;
			packageReferences = (
			);
			productRefGroup = ACF75A962B45E0300071633B /* Products */;
			projectDirPath = "";
			projectRoot = "";
			targets = (
				ACF75A942B45E0300071633B /* RecordMachine */,
			);
		};
/* End PBXProject section */

/* Begin PBXResourcesBuildPhase section */
		ACF75A932B45E0300071633B /* Resources */ = {
			isa = PBXResourcesBuildPhase;
			buildActionMask = 2147483647;
			files = (
				ACF75AA12B45E0320071633B /* Preview Assets.xcassets in Resources */,
				ACF75A9D2B45E0320071633B /* Assets.xcassets in Resources */,
			);
			runOnlyForDeploymentPostprocessing = 0;
		};
/* End PBXResourcesBuildPhase section */

/* Begin PBXSourcesBuildPhase section */
		ACF75A912B45E0300071633B /* Sources */ = {
			isa = PBXSourcesBuildPhase;
			buildActionMask = 2147483647;
			files = (
				AC5D905A2B49AD7A00FA3117 /* MiniAudioPlayer.swift in Sources */,
				ACC1407E2CC6B15200213CC4 /* AlbumImage.swift in Sources */,
				ACF75AAE2B45EBFB0071633B /* AlbumEditorView.swift in Sources */,
				AC06C3482B58A7F400B1F395 /* AttachedFile.swift in Sources */,
				ACF75AAC2B45E0A30071633B /* Track.swift in Sources */,
				AC6421FE2B52657200DBE891 /* MusicGenre.swift in Sources */,
				ACF75A9B2B45E0300071633B /* ContentView.swift in Sources */,
				ACF75AB02B4671160071633B /* TrackEditorView.swift in Sources */,
				ACC140842CC7854900213CC4 /* AudioSlider.swift in Sources */,
				AC45A0FD2B59925F0013EFAB /* RecordPlayerView.swift in Sources */,
				AC06C34A2B58B07600B1F395 /* AttachedFileView.swift in Sources */,
				ACF75A992B45E0300071633B /* RecordMachineApp.swift in Sources */,
				ACF75AAA2B45E0560071633B /* Album.swift in Sources */,
				ACF75AB22B46809D0071633B /* Theme.swift in Sources */,
				ACC1407C2CC6AE4200213CC4 /* MiniPlayerView.swift in Sources */,
				ACC140802CC6D90200213CC4 /* MarqueeText.swift in Sources */,
				ACC140822CC77B0900213CC4 /* LargeAudioPlayer.swift in Sources */,
				AC3B91702B58376C005BACD0 /* PDFView.swift in Sources */,
				ACC1407A2CC6AD8600213CC4 /* AudioManager.swift in Sources */,
				AC3B916E2B5835AD005BACD0 /* MusicKey.swift in Sources */,
				AC45A0F92B597E020013EFAB /* DocDirectory.swift in Sources */,
			);
			runOnlyForDeploymentPostprocessing = 0;
		};
/* End PBXSourcesBuildPhase section */

/* Begin XCBuildConfiguration section */
		ACF75AA22B45E0320071633B /* Debug */ = {
			isa = XCBuildConfiguration;
			buildSettings = {
				ALWAYS_SEARCH_USER_PATHS = NO;
				ASSETCATALOG_COMPILER_GENERATE_SWIFT_ASSET_SYMBOL_EXTENSIONS = YES;
				CLANG_ANALYZER_NONNULL = YES;
				CLANG_ANALYZER_NUMBER_OBJECT_CONVERSION = YES_AGGRESSIVE;
				CLANG_CXX_LANGUAGE_STANDARD = "gnu++20";
				CLANG_ENABLE_MODULES = YES;
				CLANG_ENABLE_OBJC_ARC = YES;
				CLANG_ENABLE_OBJC_WEAK = YES;
				CLANG_WARN_BLOCK_CAPTURE_AUTORELEASING = YES;
				CLANG_WARN_BOOL_CONVERSION = YES;
				CLANG_WARN_COMMA = YES;
				CLANG_WARN_CONSTANT_CONVERSION = YES;
				CLANG_WARN_DEPRECATED_OBJC_IMPLEMENTATIONS = YES;
				CLANG_WARN_DIRECT_OBJC_ISA_USAGE = YES_ERROR;
				CLANG_WARN_DOCUMENTATION_COMMENTS = YES;
				CLANG_WARN_EMPTY_BODY = YES;
				CLANG_WARN_ENUM_CONVERSION = YES;
				CLANG_WARN_INFINITE_RECURSION = YES;
				CLANG_WARN_INT_CONVERSION = YES;
				CLANG_WARN_NON_LITERAL_NULL_CONVERSION = YES;
				CLANG_WARN_OBJC_IMPLICIT_RETAIN_SELF = YES;
				CLANG_WARN_OBJC_LITERAL_CONVERSION = YES;
				CLANG_WARN_OBJC_ROOT_CLASS = YES_ERROR;
				CLANG_WARN_QUOTED_INCLUDE_IN_FRAMEWORK_HEADER = YES;
				CLANG_WARN_RANGE_LOOP_ANALYSIS = YES;
				CLANG_WARN_STRICT_PROTOTYPES = YES;
				CLANG_WARN_SUSPICIOUS_MOVE = YES;
				CLANG_WARN_UNGUARDED_AVAILABILITY = YES_AGGRESSIVE;
				CLANG_WARN_UNREACHABLE_CODE = YES;
				CLANG_WARN__DUPLICATE_METHOD_MATCH = YES;
				COPY_PHASE_STRIP = NO;
				DEAD_CODE_STRIPPING = YES;
				DEBUG_INFORMATION_FORMAT = dwarf;
				ENABLE_STRICT_OBJC_MSGSEND = YES;
				ENABLE_TESTABILITY = YES;
				ENABLE_USER_SCRIPT_SANDBOXING = YES;
				GCC_C_LANGUAGE_STANDARD = gnu17;
				GCC_DYNAMIC_NO_PIC = NO;
				GCC_NO_COMMON_BLOCKS = YES;
				GCC_OPTIMIZATION_LEVEL = 0;
				GCC_PREPROCESSOR_DEFINITIONS = (
					"DEBUG=1",
					"$(inherited)",
				);
				GCC_WARN_64_TO_32_BIT_CONVERSION = YES;
				GCC_WARN_ABOUT_RETURN_TYPE = YES_ERROR;
				GCC_WARN_UNDECLARED_SELECTOR = YES;
				GCC_WARN_UNINITIALIZED_AUTOS = YES_AGGRESSIVE;
				GCC_WARN_UNUSED_FUNCTION = YES;
				GCC_WARN_UNUSED_VARIABLE = YES;
				LOCALIZATION_PREFERS_STRING_CATALOGS = YES;
				MTL_ENABLE_DEBUG_INFO = INCLUDE_SOURCE;
				MTL_FAST_MATH = YES;
				ONLY_ACTIVE_ARCH = YES;
				SWIFT_ACTIVE_COMPILATION_CONDITIONS = "DEBUG $(inherited)";
				SWIFT_OPTIMIZATION_LEVEL = "-Onone";
				SWIFT_STRICT_CONCURRENCY = complete;
			};
			name = Debug;
		};
		ACF75AA32B45E0320071633B /* Release */ = {
			isa = XCBuildConfiguration;
			buildSettings = {
				ALWAYS_SEARCH_USER_PATHS = NO;
				ASSETCATALOG_COMPILER_GENERATE_SWIFT_ASSET_SYMBOL_EXTENSIONS = YES;
				CLANG_ANALYZER_NONNULL = YES;
				CLANG_ANALYZER_NUMBER_OBJECT_CONVERSION = YES_AGGRESSIVE;
				CLANG_CXX_LANGUAGE_STANDARD = "gnu++20";
				CLANG_ENABLE_MODULES = YES;
				CLANG_ENABLE_OBJC_ARC = YES;
				CLANG_ENABLE_OBJC_WEAK = YES;
				CLANG_WARN_BLOCK_CAPTURE_AUTORELEASING = YES;
				CLANG_WARN_BOOL_CONVERSION = YES;
				CLANG_WARN_COMMA = YES;
				CLANG_WARN_CONSTANT_CONVERSION = YES;
				CLANG_WARN_DEPRECATED_OBJC_IMPLEMENTATIONS = YES;
				CLANG_WARN_DIRECT_OBJC_ISA_USAGE = YES_ERROR;
				CLANG_WARN_DOCUMENTATION_COMMENTS = YES;
				CLANG_WARN_EMPTY_BODY = YES;
				CLANG_WARN_ENUM_CONVERSION = YES;
				CLANG_WARN_INFINITE_RECURSION = YES;
				CLANG_WARN_INT_CONVERSION = YES;
				CLANG_WARN_NON_LITERAL_NULL_CONVERSION = YES;
				CLANG_WARN_OBJC_IMPLICIT_RETAIN_SELF = YES;
				CLANG_WARN_OBJC_LITERAL_CONVERSION = YES;
				CLANG_WARN_OBJC_ROOT_CLASS = YES_ERROR;
				CLANG_WARN_QUOTED_INCLUDE_IN_FRAMEWORK_HEADER = YES;
				CLANG_WARN_RANGE_LOOP_ANALYSIS = YES;
				CLANG_WARN_STRICT_PROTOTYPES = YES;
				CLANG_WARN_SUSPICIOUS_MOVE = YES;
				CLANG_WARN_UNGUARDED_AVAILABILITY = YES_AGGRESSIVE;
				CLANG_WARN_UNREACHABLE_CODE = YES;
				CLANG_WARN__DUPLICATE_METHOD_MATCH = YES;
				COPY_PHASE_STRIP = NO;
				DEAD_CODE_STRIPPING = YES;
				DEBUG_INFORMATION_FORMAT = "dwarf-with-dsym";
				ENABLE_NS_ASSERTIONS = NO;
				ENABLE_STRICT_OBJC_MSGSEND = YES;
				ENABLE_USER_SCRIPT_SANDBOXING = YES;
				GCC_C_LANGUAGE_STANDARD = gnu17;
				GCC_NO_COMMON_BLOCKS = YES;
				GCC_WARN_64_TO_32_BIT_CONVERSION = YES;
				GCC_WARN_ABOUT_RETURN_TYPE = YES_ERROR;
				GCC_WARN_UNDECLARED_SELECTOR = YES;
				GCC_WARN_UNINITIALIZED_AUTOS = YES_AGGRESSIVE;
				GCC_WARN_UNUSED_FUNCTION = YES;
				GCC_WARN_UNUSED_VARIABLE = YES;
				LOCALIZATION_PREFERS_STRING_CATALOGS = YES;
				MTL_ENABLE_DEBUG_INFO = NO;
				MTL_FAST_MATH = YES;
				SWIFT_COMPILATION_MODE = wholemodule;
				SWIFT_STRICT_CONCURRENCY = complete;
			};
			name = Release;
		};
		ACF75AA52B45E0320071633B /* Debug */ = {
			isa = XCBuildConfiguration;
			buildSettings = {
				ASSETCATALOG_COMPILER_APPICON_NAME = AppIcon;
				ASSETCATALOG_COMPILER_GLOBAL_ACCENT_COLOR_NAME = AccentColor;
				CODE_SIGN_ENTITLEMENTS = RecordMachine/RecordMachine.entitlements;
				"CODE_SIGN_IDENTITY[sdk=macosx*]" = "Apple Development";
				CODE_SIGN_STYLE = Automatic;
				CURRENT_PROJECT_VERSION = 2;
				DEAD_CODE_STRIPPING = YES;
				DEVELOPMENT_ASSET_PATHS = "\"RecordMachine/Preview Content\"";
				DEVELOPMENT_TEAM = 8462243PH7;
				ENABLE_HARDENED_RUNTIME = YES;
				ENABLE_PREVIEWS = YES;
				GENERATE_INFOPLIST_FILE = YES;
				INFOPLIST_FILE = RecordMachine/Info.plist;
				INFOPLIST_KEY_CFBundleDisplayName = "Record Machine";
				"INFOPLIST_KEY_UIApplicationSceneManifest_Generation[sdk=iphoneos*]" = YES;
				"INFOPLIST_KEY_UIApplicationSceneManifest_Generation[sdk=iphonesimulator*]" = YES;
				"INFOPLIST_KEY_UIApplicationSupportsIndirectInputEvents[sdk=iphoneos*]" = YES;
				"INFOPLIST_KEY_UIApplicationSupportsIndirectInputEvents[sdk=iphonesimulator*]" = YES;
				"INFOPLIST_KEY_UILaunchScreen_Generation[sdk=iphoneos*]" = YES;
				"INFOPLIST_KEY_UILaunchScreen_Generation[sdk=iphonesimulator*]" = YES;
				"INFOPLIST_KEY_UIStatusBarStyle[sdk=iphoneos*]" = UIStatusBarStyleDefault;
				"INFOPLIST_KEY_UIStatusBarStyle[sdk=iphonesimulator*]" = UIStatusBarStyleDefault;
				INFOPLIST_KEY_UISupportedInterfaceOrientations_iPad = "UIInterfaceOrientationPortrait UIInterfaceOrientationPortraitUpsideDown UIInterfaceOrientationLandscapeLeft UIInterfaceOrientationLandscapeRight";
				INFOPLIST_KEY_UISupportedInterfaceOrientations_iPhone = "UIInterfaceOrientationPortrait UIInterfaceOrientationLandscapeLeft UIInterfaceOrientationLandscapeRight";
				IPHONEOS_DEPLOYMENT_TARGET = 17.0;
				LD_RUNPATH_SEARCH_PATHS = "@executable_path/Frameworks";
				"LD_RUNPATH_SEARCH_PATHS[sdk=macosx*]" = "@executable_path/../Frameworks";
				MACOSX_DEPLOYMENT_TARGET = 14.0;
				MARKETING_VERSION = 0.1;
				PRODUCT_BUNDLE_IDENTIFIER = com.asherpope.RecordMachine;
				PRODUCT_NAME = "$(TARGET_NAME)";
				SDKROOT = auto;
				SUPPORTED_PLATFORMS = "iphoneos iphonesimulator macosx";
				SWIFT_EMIT_LOC_STRINGS = YES;
				SWIFT_VERSION = 5.0;
				TARGETED_DEVICE_FAMILY = "1,2";
			};
			name = Debug;
		};
		ACF75AA62B45E0320071633B /* Release */ = {
			isa = XCBuildConfiguration;
			buildSettings = {
				ASSETCATALOG_COMPILER_APPICON_NAME = AppIcon;
				ASSETCATALOG_COMPILER_GLOBAL_ACCENT_COLOR_NAME = AccentColor;
				CODE_SIGN_ENTITLEMENTS = RecordMachine/RecordMachine.entitlements;
				"CODE_SIGN_IDENTITY[sdk=macosx*]" = "Apple Development";
				CODE_SIGN_STYLE = Automatic;
				CURRENT_PROJECT_VERSION = 2;
				DEAD_CODE_STRIPPING = YES;
				DEVELOPMENT_ASSET_PATHS = "\"RecordMachine/Preview Content\"";
				DEVELOPMENT_TEAM = 8462243PH7;
				ENABLE_HARDENED_RUNTIME = YES;
				ENABLE_PREVIEWS = YES;
				GENERATE_INFOPLIST_FILE = YES;
				INFOPLIST_FILE = RecordMachine/Info.plist;
				INFOPLIST_KEY_CFBundleDisplayName = "Record Machine";
				"INFOPLIST_KEY_UIApplicationSceneManifest_Generation[sdk=iphoneos*]" = YES;
				"INFOPLIST_KEY_UIApplicationSceneManifest_Generation[sdk=iphonesimulator*]" = YES;
				"INFOPLIST_KEY_UIApplicationSupportsIndirectInputEvents[sdk=iphoneos*]" = YES;
				"INFOPLIST_KEY_UIApplicationSupportsIndirectInputEvents[sdk=iphonesimulator*]" = YES;
				"INFOPLIST_KEY_UILaunchScreen_Generation[sdk=iphoneos*]" = YES;
				"INFOPLIST_KEY_UILaunchScreen_Generation[sdk=iphonesimulator*]" = YES;
				"INFOPLIST_KEY_UIStatusBarStyle[sdk=iphoneos*]" = UIStatusBarStyleDefault;
				"INFOPLIST_KEY_UIStatusBarStyle[sdk=iphonesimulator*]" = UIStatusBarStyleDefault;
				INFOPLIST_KEY_UISupportedInterfaceOrientations_iPad = "UIInterfaceOrientationPortrait UIInterfaceOrientationPortraitUpsideDown UIInterfaceOrientationLandscapeLeft UIInterfaceOrientationLandscapeRight";
				INFOPLIST_KEY_UISupportedInterfaceOrientations_iPhone = "UIInterfaceOrientationPortrait UIInterfaceOrientationLandscapeLeft UIInterfaceOrientationLandscapeRight";
				IPHONEOS_DEPLOYMENT_TARGET = 17.0;
				LD_RUNPATH_SEARCH_PATHS = "@executable_path/Frameworks";
				"LD_RUNPATH_SEARCH_PATHS[sdk=macosx*]" = "@executable_path/../Frameworks";
				MACOSX_DEPLOYMENT_TARGET = 14.0;
				MARKETING_VERSION = 0.1;
				PRODUCT_BUNDLE_IDENTIFIER = com.asherpope.RecordMachine;
				PRODUCT_NAME = "$(TARGET_NAME)";
				SDKROOT = auto;
				SUPPORTED_PLATFORMS = "iphoneos iphonesimulator macosx";
				SWIFT_EMIT_LOC_STRINGS = YES;
				SWIFT_VERSION = 5.0;
				TARGETED_DEVICE_FAMILY = "1,2";
			};
			name = Release;
		};
/* End XCBuildConfiguration section */

/* Begin XCConfigurationList section */
		ACF75A902B45E0300071633B /* Build configuration list for PBXProject "RecordMachine" */ = {
			isa = XCConfigurationList;
			buildConfigurations = (
				ACF75AA22B45E0320071633B /* Debug */,
				ACF75AA32B45E0320071633B /* Release */,
			);
			defaultConfigurationIsVisible = 0;
			defaultConfigurationName = Release;
		};
		ACF75AA42B45E0320071633B /* Build configuration list for PBXNativeTarget "RecordMachine" */ = {
			isa = XCConfigurationList;
			buildConfigurations = (
				ACF75AA52B45E0320071633B /* Debug */,
				ACF75AA62B45E0320071633B /* Release */,
			);
			defaultConfigurationIsVisible = 0;
			defaultConfigurationName = Release;
		};
/* End XCConfigurationList section */
	};
	rootObject = ACF75A8D2B45E0300071633B /* Project object */;
}
